
Microsoft Visual Studio Solution File, Format Version 12.00
# Visual Studio Version 17
VisualStudioVersion = 17.8.34322.80
MinimumVisualStudioVersion = 10.0.40219.1
Project("{FAE04EC0-301F-11D3-BF4B-00C04F79EFBC}") = "Lab_11_2", "Lab_11_2\Lab_11_2.csproj", "{ACEFFA52-EF99-4A9C-923E-44EA5FCAEE2A}"
EndProject
Global
	GlobalSection(SolutionConfigurationPlatforms) = preSolution
		Debug|Any CPU = Debug|Any CPU
		Release|Any CPU = Release|Any CPU
	EndGlobalSection
	GlobalSection(ProjectConfigurationPlatforms) = postSolution
		{ACEFFA52-EF99-4A9C-923E-44EA5FCAEE2A}.Debug|Any CPU.ActiveCfg = Debug|Any CPU
		{ACEFFA52-EF99-4A9C-923E-44EA5FCAEE2A}.Debug|Any CPU.Build.0 = Debug|Any CPU
		{ACEFFA52-EF99-4A9C-923E-44EA5FCAEE2A}.Release|Any CPU.ActiveCfg = Release|Any CPU
		{ACEFFA52-EF99-4A9C-923E-44EA5FCAEE2A}.Release|Any CPU.Build.0 = Release|Any CPU
	EndGlobalSection
	GlobalSection(SolutionProperties) = preSolution
		HideSolutionNode = FALSE
	EndGlobalSection
	GlobalSection(ExtensibilityGlobals) = postSolution
		SolutionGuid = {279380FF-CB9F-412D-A938-D91B258985FD}
	EndGlobalSection
EndGlobal
