
Microsoft Visual Studio Solution File, Format Version 12.00
# Visual Studio Version 17
VisualStudioVersion = 17.8.34322.80
MinimumVisualStudioVersion = 10.0.40219.1
Project("{FAE04EC0-301F-11D3-BF4B-00C04F79EFBC}") = "Lab6", "Lab6\Lab6.csproj", "{C27E540E-FEC8-4FCD-8F89-4582B63ADFAB}"
EndProject
Global
	GlobalSection(SolutionConfigurationPlatforms) = preSolution
		Debug|Any CPU = Debug|Any CPU
		Release|Any CPU = Release|Any CPU
	EndGlobalSection
	GlobalSection(ProjectConfigurationPlatforms) = postSolution
		{C27E540E-FEC8-4FCD-8F89-4582B63ADFAB}.Debug|Any CPU.ActiveCfg = Debug|Any CPU
		{C27E540E-FEC8-4FCD-8F89-4582B63ADFAB}.Debug|Any CPU.Build.0 = Debug|Any CPU
		{C27E540E-FEC8-4FCD-8F89-4582B63ADFAB}.Release|Any CPU.ActiveCfg = Release|Any CPU
		{C27E540E-FEC8-4FCD-8F89-4582B63ADFAB}.Release|Any CPU.Build.0 = Release|Any CPU
	EndGlobalSection
	GlobalSection(SolutionProperties) = preSolution
		HideSolutionNode = FALSE
	EndGlobalSection
	GlobalSection(ExtensibilityGlobals) = postSolution
		SolutionGuid = {089ED67D-531C-4C1D-A606-1085A84301DF}
	EndGlobalSection
EndGlobal
